
Microsoft Visual Studio Solution File, Format Version 12.00
# Visual Studio 14
VisualStudioVersion = 14.0.24720.0
MinimumVisualStudioVersion = 10.0.40219.1
Project("{FAE04EC0-301F-11D3-BF4B-00C04F79EFBC}") = "Lorem Ipsum", "Lorem Ipsum\Lorem Ipsum.csproj", "{D5AB6B87-3BBA-44EC-B16B-03C0FDDDB939}"
EndProject
Project("{FAE04EC0-301F-11D3-BF4B-00C04F79EFBC}") = "Lorem Ipsum.Tests", "Lorem Ipsum.Tests\Lorem Ipsum.Tests.csproj", "{2E988A10-F348-4436-9EC8-27ECD576FFB2}"
EndProject
Global
	GlobalSection(SolutionConfigurationPlatforms) = preSolution
		Debug|Any CPU = Debug|Any CPU
		Release|Any CPU = Release|Any CPU
	EndGlobalSection
	GlobalSection(ProjectConfigurationPlatforms) = postSolution
		{D5AB6B87-3BBA-44EC-B16B-03C0FDDDB939}.Debug|Any CPU.ActiveCfg = Debug|Any CPU
		{D5AB6B87-3BBA-44EC-B16B-03C0FDDDB939}.Debug|Any CPU.Build.0 = Debug|Any CPU
		{D5AB6B87-3BBA-44EC-B16B-03C0FDDDB939}.Release|Any CPU.ActiveCfg = Release|Any CPU
		{D5AB6B87-3BBA-44EC-B16B-03C0FDDDB939}.Release|Any CPU.Build.0 = Release|Any CPU
		{2E988A10-F348-4436-9EC8-27ECD576FFB2}.Debug|Any CPU.ActiveCfg = Debug|Any CPU
		{2E988A10-F348-4436-9EC8-27ECD576FFB2}.Debug|Any CPU.Build.0 = Debug|Any CPU
		{2E988A10-F348-4436-9EC8-27ECD576FFB2}.Release|Any CPU.ActiveCfg = Release|Any CPU
		{2E988A10-F348-4436-9EC8-27ECD576FFB2}.Release|Any CPU.Build.0 = Release|Any CPU
	EndGlobalSection
	GlobalSection(SolutionProperties) = preSolution
		HideSolutionNode = FALSE
	EndGlobalSection
EndGlobal
